
Microsoft Visual Studio Solution File, Format Version 12.00
# Visual Studio Version 16
VisualStudioVersion = 25.0.1704.2
MinimumVisualStudioVersion = 10.0.40219.1
Project("{FAE04EC0-301F-11D3-BF4B-00C04F79EFBC}") = "ServiceBusMessagePublisher", "ServiceBusMessagePublisher.csproj", "{88581219-65A2-49E5-BF28-9AED274C78F1}"
EndProject
Global
	GlobalSection(SolutionConfigurationPlatforms) = preSolution
		Debug|Any CPU = Debug|Any CPU
		Release|Any CPU = Release|Any CPU
	EndGlobalSection
	GlobalSection(ProjectConfigurationPlatforms) = postSolution
		{88581219-65A2-49E5-BF28-9AED274C78F1}.Debug|Any CPU.ActiveCfg = Debug|Any CPU
		{88581219-65A2-49E5-BF28-9AED274C78F1}.Debug|Any CPU.Build.0 = Debug|Any CPU
		{88581219-65A2-49E5-BF28-9AED274C78F1}.Release|Any CPU.ActiveCfg = Release|Any CPU
		{88581219-65A2-49E5-BF28-9AED274C78F1}.Release|Any CPU.Build.0 = Release|Any CPU
	EndGlobalSection
	GlobalSection(SolutionProperties) = preSolution
		HideSolutionNode = FALSE
	EndGlobalSection
	GlobalSection(ExtensibilityGlobals) = postSolution
		SolutionGuid = {209CF5D6-DB83-4720-8CCF-E55A6598D3DF}
	EndGlobalSection
EndGlobal
