
Microsoft Visual Studio Solution File, Format Version 12.00
# Visual Studio Version 16
VisualStudioVersion = 25.0.1704.2
MinimumVisualStudioVersion = 10.0.40219.1
Project("{FAE04EC0-301F-11D3-BF4B-00C04F79EFBC}") = "HttpTrigger", "HttpTrigger.csproj", "{7A09F6B6-707D-43F9-94FA-164B27D5381C}"
EndProject
Global
	GlobalSection(SolutionConfigurationPlatforms) = preSolution
		Debug|Any CPU = Debug|Any CPU
		Release|Any CPU = Release|Any CPU
	EndGlobalSection
	GlobalSection(ProjectConfigurationPlatforms) = postSolution
		{7A09F6B6-707D-43F9-94FA-164B27D5381C}.Debug|Any CPU.ActiveCfg = Debug|Any CPU
		{7A09F6B6-707D-43F9-94FA-164B27D5381C}.Debug|Any CPU.Build.0 = Debug|Any CPU
		{7A09F6B6-707D-43F9-94FA-164B27D5381C}.Release|Any CPU.ActiveCfg = Release|Any CPU
		{7A09F6B6-707D-43F9-94FA-164B27D5381C}.Release|Any CPU.Build.0 = Release|Any CPU
	EndGlobalSection
	GlobalSection(SolutionProperties) = preSolution
		HideSolutionNode = FALSE
	EndGlobalSection
	GlobalSection(ExtensibilityGlobals) = postSolution
		SolutionGuid = {5630DECF-8DA0-439B-BC27-EC5AE662BF6C}
	EndGlobalSection
EndGlobal
